{
  "name": "cah-multiplayer",
  "version": "0.0.1",
  "lockfileVersion": 1,
  "requires": true,
  "dependencies": {
    "@meltwater/coerce": {
      "version": "0.2.1",
      "resolved": "https://registry.npmjs.org/@meltwater/coerce/-/coerce-0.2.1.tgz",
      "integrity": "sha512-xgrpY57yvRhlrpnUzNLJOQWQmXiY9rYoVKp6I8BJ77+LGHanp+Ck370xgLbRMA8qoMC253Tnu2sEANyv9rEp6Q=="
    },
    "@stencil/core": {
      "version": "1.12.2",
      "resolved": "https://registry.npmjs.org/@stencil/core/-/core-1.12.2.tgz",
      "integrity": "sha512-lB8N0IBBT2u3ahg7R1+WZnJ/NsdgSJi3cq3E1m3dE143OCSn/l7G0JOrqyg4FSNO+9QM/ywkWp0g2eGEABF3Sg==",
      "dev": true,
      "requires": {
        "typescript": "3.8.3"
      }
    },
    "@stencil/router": {
      "version": "1.0.1",
      "resolved": "https://registry.npmjs.org/@stencil/router/-/router-1.0.1.tgz",
      "integrity": "sha512-ZMholl1BE+glNAc/8pcEb9RYkeH0XETxsJbx6D7f3azTmaTXqKYty1IACP/3BtVjuimpfLdxQJ+J95wKmnYBtA==",
      "dev": true,
      "requires": {
        "@stencil/state-tunnel": "^1.0.1"
      }
    },
    "@stencil/state-tunnel": {
      "version": "1.0.1",
      "resolved": "https://registry.npmjs.org/@stencil/state-tunnel/-/state-tunnel-1.0.1.tgz",
      "integrity": "sha512-DYG8uROgL9hkjVTCtCfRBb0d3FwpiFB0muRrNZQ2X1Qo5hxMuNNji76/ILddqeq0AfgkKCW82xrMPDpy+rNIhQ==",
      "dev": true
    },
    "argument-contracts": {
      "version": "0.7.0",
      "resolved": "https://registry.npmjs.org/argument-contracts/-/argument-contracts-0.7.0.tgz",
      "integrity": "sha512-svc3r51G0vlbENtcY0p9TfJL0m85X9D2Z20/ySPIrqB8ROxjZ3oSjwZyJklY/JpmI4czEeu765ecp9oRuUF+vA==",
      "requires": {
        "@meltwater/coerce": "0.1.3"
      },
      "dependencies": {
        "@meltwater/coerce": {
          "version": "0.1.3",
          "resolved": "https://registry.npmjs.org/@meltwater/coerce/-/coerce-0.1.3.tgz",
          "integrity": "sha512-ocQVCeLA7L1WTu1bFTQr/QFLPqp4hOvNyEnSrvW5tN7xXzdifmRiH1UM7AYekABNLDE5ngzM7Zcz2HuNgKWLXg=="
        }
      }
    },
    "axios": {
      "version": "0.21.1",
      "resolved": "https://registry.npmjs.org/axios/-/axios-0.21.1.tgz",
      "integrity": "sha512-dKQiRHxGD9PPRIUNIWvZhPTPpl1rf/OxTYKsqKUDjBwYylTvV7SjSHJb9ratfyzM6wCdLCOYLzs73qpg5c4iGA==",
      "requires": {
        "follow-redirects": "^1.10.0"
      }
    },
    "axios-retry": {
      "version": "3.1.8",
      "resolved": "https://registry.npmjs.org/axios-retry/-/axios-retry-3.1.8.tgz",
      "integrity": "sha512-yPw5Y4Bg6Dgmhm35KaJFtlh23s1TecW0HsUerK4/IS1UKl0gtN2aJqdEKtVomiOS/bDo5w4P3sqgki/M10eF8Q==",
      "requires": {
        "is-retry-allowed": "^1.1.0"
      }
    },
    "follow-redirects": {
      "version": "1.13.1",
      "resolved": "https://registry.npmjs.org/follow-redirects/-/follow-redirects-1.13.1.tgz",
      "integrity": "sha512-SSG5xmZh1mkPGyKzjZP8zLjltIfpW32Y5QpdNJyjcfGxK3qo3NDDkZOZSFiGn1A6SclQxY9GzEwAHQ3dmYRWpg=="
    },
    "is-retry-allowed": {
      "version": "1.2.0",
      "resolved": "https://registry.npmjs.org/is-retry-allowed/-/is-retry-allowed-1.2.0.tgz",
      "integrity": "sha512-RUbUeKwvm3XG2VYamhJL1xFktgjvPzL0Hq8C+6yrWIswDy3BIXGqCxhxkc30N9jqK311gVU137K8Ei55/zVJRg=="
    },
    "typescript": {
      "version": "3.8.3",
      "resolved": "https://registry.npmjs.org/typescript/-/typescript-3.8.3.tgz",
      "integrity": "sha512-MYlEfn5VrLNsgudQTVJeNaQFUAI7DkhnOjdpAp4T+ku1TfQClewlbSuTVHiA+8skNBgaf02TL/kLOvig4y3G8w==",
      "dev": true
    }
  }
}
